
Microsoft Visual Studio Solution File, Format Version 12.00
# Visual Studio Version 17
VisualStudioVersion = 17.9.34902.65
MinimumVisualStudioVersion = 10.0.40219.1
Project("{9A19103F-16F7-4668-BE54-9A1E7A4F7556}") = "Insurance_services_PRJ", "Insurance_services_PRJ.csproj", "{375E4DC3-EDBB-447F-BE71-82CB683D2DB4}"
EndProject
Global
	GlobalSection(SolutionConfigurationPlatforms) = preSolution
		Debug|Any CPU = Debug|Any CPU
		Release|Any CPU = Release|Any CPU
	EndGlobalSection
	GlobalSection(ProjectConfigurationPlatforms) = postSolution
		{375E4DC3-EDBB-447F-BE71-82CB683D2DB4}.Debug|Any CPU.ActiveCfg = Debug|Any CPU
		{375E4DC3-EDBB-447F-BE71-82CB683D2DB4}.Debug|Any CPU.Build.0 = Debug|Any CPU
		{375E4DC3-EDBB-447F-BE71-82CB683D2DB4}.Release|Any CPU.ActiveCfg = Release|Any CPU
		{375E4DC3-EDBB-447F-BE71-82CB683D2DB4}.Release|Any CPU.Build.0 = Release|Any CPU
	EndGlobalSection
	GlobalSection(SolutionProperties) = preSolution
		HideSolutionNode = FALSE
	EndGlobalSection
	GlobalSection(ExtensibilityGlobals) = postSolution
		SolutionGuid = {36A2F0F4-0712-4C93-8E88-AF4A6BD17EB7}
	EndGlobalSection
EndGlobal
